
Microsoft Visual Studio Solution File, Format Version 12.00
# Visual Studio Version 16
VisualStudioVersion = 16.0.32602.291
MinimumVisualStudioVersion = 10.0.40219.1
Project("{FAE04EC0-301F-11D3-BF4B-00C04F79EFBC}") = "Entities", "Entities\Entities.csproj", "{4A401104-B7D7-4D6A-9C30-7D6B0814447D}"
EndProject
Project("{FAE04EC0-301F-11D3-BF4B-00C04F79EFBC}") = "DataAccess", "DataAccess\DataAccess.csproj", "{F6B5A203-258E-43A5-9026-2B3B6555A3C6}"
EndProject
Project("{FAE04EC0-301F-11D3-BF4B-00C04F79EFBC}") = "Business", "Business\Business.csproj", "{D85818AF-0EBE-476F-861F-B874DA8E6E14}"
EndProject
Project("{FAE04EC0-301F-11D3-BF4B-00C04F79EFBC}") = "Core", "Core\Core.csproj", "{DE30783F-1D79-465D-A4EF-91A8EB4CAA91}"
EndProject
Project("{FAE04EC0-301F-11D3-BF4B-00C04F79EFBC}") = "ConsoleUI", "ConsoleUI\ConsoleUI.csproj", "{3777A463-B01C-4696-A529-D3998852418E}"
EndProject
Global
	GlobalSection(SolutionConfigurationPlatforms) = preSolution
		Debug|Any CPU = Debug|Any CPU
		Release|Any CPU = Release|Any CPU
	EndGlobalSection
	GlobalSection(ProjectConfigurationPlatforms) = postSolution
		{4A401104-B7D7-4D6A-9C30-7D6B0814447D}.Debug|Any CPU.ActiveCfg = Debug|Any CPU
		{4A401104-B7D7-4D6A-9C30-7D6B0814447D}.Debug|Any CPU.Build.0 = Debug|Any CPU
		{4A401104-B7D7-4D6A-9C30-7D6B0814447D}.Release|Any CPU.ActiveCfg = Release|Any CPU
		{4A401104-B7D7-4D6A-9C30-7D6B0814447D}.Release|Any CPU.Build.0 = Release|Any CPU
		{F6B5A203-258E-43A5-9026-2B3B6555A3C6}.Debug|Any CPU.ActiveCfg = Debug|Any CPU
		{F6B5A203-258E-43A5-9026-2B3B6555A3C6}.Debug|Any CPU.Build.0 = Debug|Any CPU
		{F6B5A203-258E-43A5-9026-2B3B6555A3C6}.Release|Any CPU.ActiveCfg = Release|Any CPU
		{F6B5A203-258E-43A5-9026-2B3B6555A3C6}.Release|Any CPU.Build.0 = Release|Any CPU
		{D85818AF-0EBE-476F-861F-B874DA8E6E14}.Debug|Any CPU.ActiveCfg = Debug|Any CPU
		{D85818AF-0EBE-476F-861F-B874DA8E6E14}.Debug|Any CPU.Build.0 = Debug|Any CPU
		{D85818AF-0EBE-476F-861F-B874DA8E6E14}.Release|Any CPU.ActiveCfg = Release|Any CPU
		{D85818AF-0EBE-476F-861F-B874DA8E6E14}.Release|Any CPU.Build.0 = Release|Any CPU
		{DE30783F-1D79-465D-A4EF-91A8EB4CAA91}.Debug|Any CPU.ActiveCfg = Debug|Any CPU
		{DE30783F-1D79-465D-A4EF-91A8EB4CAA91}.Debug|Any CPU.Build.0 = Debug|Any CPU
		{DE30783F-1D79-465D-A4EF-91A8EB4CAA91}.Release|Any CPU.ActiveCfg = Release|Any CPU
		{DE30783F-1D79-465D-A4EF-91A8EB4CAA91}.Release|Any CPU.Build.0 = Release|Any CPU
		{3777A463-B01C-4696-A529-D3998852418E}.Debug|Any CPU.ActiveCfg = Debug|Any CPU
		{3777A463-B01C-4696-A529-D3998852418E}.Debug|Any CPU.Build.0 = Debug|Any CPU
		{3777A463-B01C-4696-A529-D3998852418E}.Release|Any CPU.ActiveCfg = Release|Any CPU
		{3777A463-B01C-4696-A529-D3998852418E}.Release|Any CPU.Build.0 = Release|Any CPU
	EndGlobalSection
	GlobalSection(SolutionProperties) = preSolution
		HideSolutionNode = FALSE
	EndGlobalSection
	GlobalSection(ExtensibilityGlobals) = postSolution
		SolutionGuid = {29240346-66D4-4290-8784-03C2F82CE308}
	EndGlobalSection
EndGlobal
